{
  "nodes": {
    "catppuccin": {
      "inputs": {
        "nixpkgs": [
          "nixpkgs"
        ]
      },
      "locked": {
        "lastModified": 1769432988,
        "narHash": "sha256-q4arZjXnLiuMnLzO972lrXIGdzyGb4DGaIt69CcCYdE=",
        "owner": "catppuccin",
        "repo": "nix",
        "rev": "d7a8632c0d8d144478aac1a8c8d5083b770cbb03",
        "type": "github"
      },
      "original": {
        "owner": "catppuccin",
        "repo": "nix",
        "type": "github"
      }
    },
    "commit-mono-simple": {
      "inputs": {
        "nixpkgs": [
          "nixpkgs"
        ]
      },
      "locked": {
        "lastModified": 1769624501,
        "narHash": "sha256-MNh277yK09B2XrlmNtcxpVbYZfUzRCH+mnXiTUNw6xs=",
        "path": "/etc/nixos/pkg",
        "type": "path"
      },
      "original": {
        "path": "/etc/nixos/pkg",
        "type": "path"
      }
    },
    "home-manager": {
      "inputs": {
        "nixpkgs": [
          "nixpkgs"
        ]
      },
      "locked": {
        "lastModified": 1769622371,
        "narHash": "sha256-Cs1/+P3ntxl9mOIL7/QtItBAzQJ2xjvTMHv7qw0nFV0=",
        "owner": "nix-community",
        "repo": "home-manager",
        "rev": "02d763228d8aff317e6e5a319474b6d4d9d826a5",
        "type": "github"
      },
      "original": {
        "owner": "nix-community",
        "repo": "home-manager",
        "type": "github"
      }
    },
    "moonlight": {
      "inputs": {
        "nixpkgs": [
          "nixpkgs"
        ]
      },
      "locked": {
        "lastModified": 1769290167,
        "narHash": "sha256-85W5OrP9Ju4ZJRUEZLpBreKxgUrHgxxZEv7KzcpqNDo=",
        "owner": "moonlight-mod",
        "repo": "moonlight",
        "rev": "aed3fbaded899327c5c67d7792672b5819cfc2fc",
        "type": "github"
      },
      "original": {
        "owner": "moonlight-mod",
        "ref": "main",
        "repo": "moonlight",
        "type": "github"
      }
    },
    "nixos-hardware": {
      "locked": {
        "lastModified": 1769302137,
        "narHash": "sha256-QEDtctEkOsbx8nlFh4yqPEOtr4tif6KTqWwJ37IM2ds=",
        "owner": "NixOS",
        "repo": "nixos-hardware",
        "rev": "a351494b0e35fd7c0b7a1aae82f0afddf4907aa8",
        "type": "github"
      },
      "original": {
        "owner": "NixOS",
        "ref": "master",
        "repo": "nixos-hardware",
        "type": "github"
      }
    },
    "nixpkgs": {
      "locked": {
        "lastModified": 1769461804,
        "narHash": "sha256-msG8SU5WsBUfVVa/9RPLaymvi5bI8edTavbIq3vRlhI=",
        "owner": "NixOS",
        "repo": "nixpkgs",
        "rev": "bfc1b8a4574108ceef22f02bafcf6611380c100d",
        "type": "github"
      },
      "original": {
        "owner": "NixOS",
        "ref": "nixos-unstable",
        "repo": "nixpkgs",
        "type": "github"
      }
    },
    "nixpkgs-godot": {
      "locked": {
        "lastModified": 1769623551,
        "narHash": "sha256-AX09/I9ttevQHbMUnuDanoN/AuEOoHSga1CxDiimpDQ=",
        "owner": "NixOS",
        "repo": "nixpkgs",
        "rev": "88bbdb44d03832ca040831ca9e943eadf8cd0041",
        "type": "github"
      },
      "original": {
        "owner": "NixOS",
        "ref": "master",
        "repo": "nixpkgs",
        "type": "github"
      }
    },
    "root": {
      "inputs": {
        "catppuccin": "catppuccin",
        "commit-mono-simple": "commit-mono-simple",
        "home-manager": "home-manager",
        "moonlight": "moonlight",
        "nixos-hardware": "nixos-hardware",
        "nixpkgs": "nixpkgs",
        "nixpkgs-godot": "nixpkgs-godot"
      }
    }
  },
  "root": "root",
  "version": 7
}
